
Microsoft Visual Studio Solution File, Format Version 12.00
# Visual Studio 15
VisualStudioVersion = 15.0.26730.12
MinimumVisualStudioVersion = 10.0.40219.1
Project("{FAE04EC0-301F-11D3-BF4B-00C04F79EFBC}") = "Cinch.SqlBulkCopyBuilder", "Cinch.SqlBulkCopyBuilder\Cinch.SqlBulkCopyBuilder.csproj", "{489F9472-ED7B-4963-985D-A41A4D259B68}"
EndProject
Project("{FAE04EC0-301F-11D3-BF4B-00C04F79EFBC}") = "Cinch.SqlBulkCopyBuilder.Tests", "Cinch.SqlBulkCopyBuilder.Tests\Cinch.SqlBulkCopyBuilder.Tests.csproj", "{8125725E-704B-4E67-9299-DA49BD99C833}"
EndProject
Global
	GlobalSection(SolutionConfigurationPlatforms) = preSolution
		Debug|Any CPU = Debug|Any CPU
		Release|Any CPU = Release|Any CPU
	EndGlobalSection
	GlobalSection(ProjectConfigurationPlatforms) = postSolution
		{489F9472-ED7B-4963-985D-A41A4D259B68}.Debug|Any CPU.ActiveCfg = Debug|Any CPU
		{489F9472-ED7B-4963-985D-A41A4D259B68}.Debug|Any CPU.Build.0 = Debug|Any CPU
		{489F9472-ED7B-4963-985D-A41A4D259B68}.Release|Any CPU.ActiveCfg = Release|Any CPU
		{489F9472-ED7B-4963-985D-A41A4D259B68}.Release|Any CPU.Build.0 = Release|Any CPU
		{8125725E-704B-4E67-9299-DA49BD99C833}.Debug|Any CPU.ActiveCfg = Debug|Any CPU
		{8125725E-704B-4E67-9299-DA49BD99C833}.Debug|Any CPU.Build.0 = Debug|Any CPU
		{8125725E-704B-4E67-9299-DA49BD99C833}.Release|Any CPU.ActiveCfg = Release|Any CPU
		{8125725E-704B-4E67-9299-DA49BD99C833}.Release|Any CPU.Build.0 = Release|Any CPU
	EndGlobalSection
	GlobalSection(SolutionProperties) = preSolution
		HideSolutionNode = FALSE
	EndGlobalSection
	GlobalSection(ExtensibilityGlobals) = postSolution
		SolutionGuid = {8166BDD2-53CD-493D-BFF0-C227576A3B6F}
	EndGlobalSection
EndGlobal
